
Microsoft Visual Studio Solution File, Format Version 12.00
# Visual Studio Version 17
VisualStudioVersion = 17.8.34511.84
MinimumVisualStudioVersion = 10.0.40219.1
Project("{FAE04EC0-301F-11D3-BF4B-00C04F79EFBC}") = "HexadecTree", "HexadecTree\HexadecTree.csproj", "{001A2880-BF0E-48A8-A8A2-A6264BE71733}"
EndProject
Global
	GlobalSection(SolutionConfigurationPlatforms) = preSolution
		Debug|Any CPU = Debug|Any CPU
		Release|Any CPU = Release|Any CPU
	EndGlobalSection
	GlobalSection(ProjectConfigurationPlatforms) = postSolution
		{001A2880-BF0E-48A8-A8A2-A6264BE71733}.Debug|Any CPU.ActiveCfg = Debug|Any CPU
		{001A2880-BF0E-48A8-A8A2-A6264BE71733}.Debug|Any CPU.Build.0 = Debug|Any CPU
		{001A2880-BF0E-48A8-A8A2-A6264BE71733}.Release|Any CPU.ActiveCfg = Release|Any CPU
		{001A2880-BF0E-48A8-A8A2-A6264BE71733}.Release|Any CPU.Build.0 = Release|Any CPU
	EndGlobalSection
	GlobalSection(SolutionProperties) = preSolution
		HideSolutionNode = FALSE
	EndGlobalSection
	GlobalSection(ExtensibilityGlobals) = postSolution
		SolutionGuid = {92B1BBDE-CB43-41B3-88A8-AC63B347359D}
	EndGlobalSection
EndGlobal
